
Microsoft Visual Studio Solution File, Format Version 12.00
# Visual Studio 15
VisualStudioVersion = 15.0.28307.271
MinimumVisualStudioVersion = 10.0.40219.1
Project("{FAE04EC0-301F-11D3-BF4B-00C04F79EFBC}") = "Lab1Examples", "Lab1Examples\Lab1Examples.csproj", "{A3330161-BECA-48EF-9712-30FA65F0F936}"
EndProject
Global
	GlobalSection(SolutionConfigurationPlatforms) = preSolution
		Debug|Any CPU = Debug|Any CPU
		Release|Any CPU = Release|Any CPU
	EndGlobalSection
	GlobalSection(ProjectConfigurationPlatforms) = postSolution
		{A3330161-BECA-48EF-9712-30FA65F0F936}.Debug|Any CPU.ActiveCfg = Debug|Any CPU
		{A3330161-BECA-48EF-9712-30FA65F0F936}.Debug|Any CPU.Build.0 = Debug|Any CPU
		{A3330161-BECA-48EF-9712-30FA65F0F936}.Release|Any CPU.ActiveCfg = Release|Any CPU
		{A3330161-BECA-48EF-9712-30FA65F0F936}.Release|Any CPU.Build.0 = Release|Any CPU
	EndGlobalSection
	GlobalSection(SolutionProperties) = preSolution
		HideSolutionNode = FALSE
	EndGlobalSection
	GlobalSection(ExtensibilityGlobals) = postSolution
		SolutionGuid = {FC5A38D3-04EC-48D6-8733-B468319A22C0}
	EndGlobalSection
EndGlobal
